# THIS IS AN AUTOGENERATED FILE. DO NOT EDIT THIS FILE DIRECTLY.
# yarn lockfile v1


jsonschema@^1.2.6:
  version "1.2.6"
  resolved "https://registry.npmjs.org/jsonschema/-/jsonschema-1.2.6.tgz#52b0a8e9dc06bbae7295249d03e4b9faee8a0c0b"
  integrity sha512-SqhURKZG07JyKKeo/ir24QnS4/BV7a6gQy93bUSe4lUdNp0QNpIz2c9elWJQ9dpc5cQYY6cvCzgRwy0MQCLyqA==
